
Microsoft Visual Studio Solution File, Format Version 12.00
# Visual Studio Version 16
VisualStudioVersion = 16.0.29613.14
MinimumVisualStudioVersion = 10.0.40219.1
Project("{FAE04EC0-301F-11D3-BF4B-00C04F79EFBC}") = "Peristaltic_Haptic_Gui", "Peristaltic_Hapric_Gui\Peristaltic_Haptic_Gui.csproj", "{192FD8E4-7C53-43C3-9B04-CB8FE97E6D45}"
EndProject
Project("{9A19103F-16F7-4668-BE54-9A1E7A4F7556}") = "HerkulexGuiMapper", "HerkulexGuiMapper\HerkulexGuiMapper.csproj", "{7B1C53C7-C189-46DF-8C1A-C9D0D3C7C5F9}"
EndProject
Project("{FAE04EC0-301F-11D3-BF4B-00C04F79EFBC}") = "HerkulexGuiMapperUnitTest", "HerkulexGuiMapperUnitTest\HerkulexGuiMapperUnitTest.csproj", "{C5D17E07-886E-4341-B0DA-1D9D8DE6B94A}"
EndProject
Global
	GlobalSection(SolutionConfigurationPlatforms) = preSolution
		Debug|Any CPU = Debug|Any CPU
		Release|Any CPU = Release|Any CPU
	EndGlobalSection
	GlobalSection(ProjectConfigurationPlatforms) = postSolution
		{192FD8E4-7C53-43C3-9B04-CB8FE97E6D45}.Debug|Any CPU.ActiveCfg = Debug|Any CPU
		{192FD8E4-7C53-43C3-9B04-CB8FE97E6D45}.Debug|Any CPU.Build.0 = Debug|Any CPU
		{192FD8E4-7C53-43C3-9B04-CB8FE97E6D45}.Release|Any CPU.ActiveCfg = Release|Any CPU
		{192FD8E4-7C53-43C3-9B04-CB8FE97E6D45}.Release|Any CPU.Build.0 = Release|Any CPU
		{7B1C53C7-C189-46DF-8C1A-C9D0D3C7C5F9}.Debug|Any CPU.ActiveCfg = Debug|Any CPU
		{7B1C53C7-C189-46DF-8C1A-C9D0D3C7C5F9}.Debug|Any CPU.Build.0 = Debug|Any CPU
		{7B1C53C7-C189-46DF-8C1A-C9D0D3C7C5F9}.Release|Any CPU.ActiveCfg = Release|Any CPU
		{7B1C53C7-C189-46DF-8C1A-C9D0D3C7C5F9}.Release|Any CPU.Build.0 = Release|Any CPU
		{C5D17E07-886E-4341-B0DA-1D9D8DE6B94A}.Debug|Any CPU.ActiveCfg = Debug|Any CPU
		{C5D17E07-886E-4341-B0DA-1D9D8DE6B94A}.Debug|Any CPU.Build.0 = Debug|Any CPU
		{C5D17E07-886E-4341-B0DA-1D9D8DE6B94A}.Release|Any CPU.ActiveCfg = Release|Any CPU
		{C5D17E07-886E-4341-B0DA-1D9D8DE6B94A}.Release|Any CPU.Build.0 = Release|Any CPU
	EndGlobalSection
	GlobalSection(SolutionProperties) = preSolution
		HideSolutionNode = FALSE
	EndGlobalSection
	GlobalSection(ExtensibilityGlobals) = postSolution
		SolutionGuid = {8FD5628C-F336-452C-B7C6-1712CDB3F736}
	EndGlobalSection
EndGlobal
